# This file is automatically @generated by Cargo.
# It is not intended for manual editing.
version = 4

[[package]]
name = "ab_glyph"
version = "0.2.32"
source = "registry+https://github.com/rust-lang/crates.io-index"
checksum = "01c0457472c38ea5bd1c3b5ada5e368271cb550be7a4ca4a0b4634e9913f6cc2"
dependencies = [
 "ab_glyph_rasterizer",
 "libm",
 "owned_ttf_parser",
]

[[package]]
name = "ab_glyph_rasterizer"
version = "0.1.10"
source = "registry+https://github.com/rust-lang/crates.io-index"
checksum = "366ffbaa4442f4684d91e2cd7c5ea7c4ed8add41959a31447066e279e432b618"
dependencies = [
 "libm",
]

[[package]]
name = "allocator-api2"
version = "0.2.21"
source = "registry+https://github.com/rust-lang/crates.io-index"
checksum = "683d7910e743518b0e34f1186f92494becacb047c7b6bf616c96772180fef923"

[[package]]
name = "bit_field"
version = "0.10.3"
source = "registry+https://github.com/rust-lang/crates.io-index"
checksum = "1e4b40c7323adcfc0a41c4b88143ed58346ff65a288fc144329c5c45e05d70c6"

[[package]]
name = "bitflags"
version = "2.11.1"
source = "registry+https://github.com/rust-lang/crates.io-index"
checksum = "c4512299f36f043ab09a583e57bceb5a5aab7a73db1805848e8fef3c9e8c78b3"

[[package]]
name = "bootloader"
version = "0.1.0"
dependencies = [
 "ab_glyph",
 "cssparser",
 "elf",
 "hashbrown",
 "log",
 "tl",
 "uefi",
]

[[package]]
name = "cfg-if"
version = "1.0.4"
source = "registry+https://github.com/rust-lang/crates.io-index"
checksum = "9330f8b2ff13f34540b44e946ef35111825727b38d33286ef986142615121801"

[[package]]
name = "core_maths"
version = "0.1.1"
source = "registry+https://github.com/rust-lang/crates.io-index"
checksum = "77745e017f5edba1a9c1d854f6f3a52dac8a12dd5af5d2f54aecf61e43d80d30"
dependencies = [
 "libm",
]

[[package]]
name = "cssparser"
version = "0.37.0"
source = "registry+https://github.com/rust-lang/crates.io-index"
checksum = "8c9cdaae01d5ed7882b04d795e7f752f46ff52d2fa3b50a20d28c464510bba98"
dependencies = [
 "cssparser-macros",
 "dtoa-short",
 "itoa",
 "phf",
 "smallvec",
]

[[package]]
name = "cssparser-macros"
version = "0.7.0"
source = "registry+https://github.com/rust-lang/crates.io-index"
checksum = "10a2a99df6e410a8ff4245aa2006499ea662245f967cc7c0a38c83ef8eb44dbf"
dependencies = [
 "quote",
 "syn",
]

[[package]]
name = "dtoa"
version = "1.0.11"
source = "registry+https://github.com/rust-lang/crates.io-index"
checksum = "4c3cf4824e2d5f025c7b531afcb2325364084a16806f6d47fbc1f5fbd9960590"

[[package]]
name = "dtoa-short"
version = "0.3.5"
source = "registry+https://github.com/rust-lang/crates.io-index"
checksum = "cd1511a7b6a56299bd043a9c167a6d2bfb37bf84a6dfceaba651168adfb43c87"
dependencies = [
 "dtoa",
]

[[package]]
name = "elf"
version = "0.8.0"
source = "registry+https://github.com/rust-lang/crates.io-index"
checksum = "55dd888a213fc57e957abf2aa305ee3e8a28dbe05687a251f33b637cd46b0070"

[[package]]
name = "equivalent"
version = "1.0.2"
source = "registry+https://github.com/rust-lang/crates.io-index"
checksum = "877a4ace8713b0bcf2a4e7eec82529c029f1d0619886d18145fea96c3ffe5c0f"

[[package]]
name = "fastrand"
version = "2.4.1"
source = "registry+https://github.com/rust-lang/crates.io-index"
checksum = "9f1f227452a390804cdb637b74a86990f2a7d7ba4b7d5693aac9b4dd6defd8d6"

[[package]]
name = "foldhash"
version = "0.2.0"
source = "registry+https://github.com/rust-lang/crates.io-index"
checksum = "77ce24cb58228fbb8aa041425bb1050850ac19177686ea6e0f41a70416f56fdb"

[[package]]
name = "hashbrown"
version = "0.17.1"
source = "registry+https://github.com/rust-lang/crates.io-index"
checksum = "ed5909b6e89a2db4456e54cd5f673791d7eca6732202bbf2a9cc504fe2f9b84a"
dependencies = [
 "allocator-api2",
 "equivalent",
 "foldhash",
]

[[package]]
name = "itoa"
version = "1.0.18"
source = "registry+https://github.com/rust-lang/crates.io-index"
checksum = "8f42a60cbdf9a97f5d2305f08a87dc4e09308d1276d28c869c684d7777685682"

[[package]]
name = "kernel"
version = "0.1.0"
dependencies = [
 "spin",
]

[[package]]
name = "libm"
version = "0.2.16"
source = "registry+https://github.com/rust-lang/crates.io-index"
checksum = "b6d2cec3eae94f9f509c767b45932f1ada8350c4bdb85af2fcab4a3c14807981"

[[package]]
name = "lock_api"
version = "0.4.14"
source = "registry+https://github.com/rust-lang/crates.io-index"
checksum = "224399e74b87b5f3557511d98dff8b14089b3dadafcab6bb93eab67d3aace965"
dependencies = [
 "scopeguard",
]

[[package]]
name = "log"
version = "0.4.29"
source = "registry+https://github.com/rust-lang/crates.io-index"
checksum = "5e5032e24019045c762d3c0f28f5b6b8bbf38563a65908389bf7978758920897"

[[package]]
name = "owned_ttf_parser"
version = "0.25.1"
source = "registry+https://github.com/rust-lang/crates.io-index"
checksum = "36820e9051aca1014ddc75770aab4d68bc1e9e632f0f5627c4086bc216fb583b"
dependencies = [
 "ttf-parser",
]

[[package]]
name = "phf"
version = "0.13.1"
source = "registry+https://github.com/rust-lang/crates.io-index"
checksum = "c1562dc717473dbaa4c1f85a36410e03c047b2e7df7f45ee938fbef64ae7fadf"
dependencies = [
 "phf_macros",
 "phf_shared",
 "serde",
]

[[package]]
name = "phf_generator"
version = "0.13.1"
source = "registry+https://github.com/rust-lang/crates.io-index"
checksum = "135ace3a761e564ec88c03a77317a7c6b80bb7f7135ef2544dbe054243b89737"
dependencies = [
 "fastrand",
 "phf_shared",
]

[[package]]
name = "phf_macros"
version = "0.13.1"
source = "registry+https://github.com/rust-lang/crates.io-index"
checksum = "812f032b54b1e759ccd5f8b6677695d5268c588701effba24601f6932f8269ef"
dependencies = [
 "phf_generator",
 "phf_shared",
 "proc-macro2",
 "quote",
 "syn",
]

[[package]]
name = "phf_shared"
version = "0.13.1"
source = "registry+https://github.com/rust-lang/crates.io-index"
checksum = "e57fef6bc5981e38c2ce2d63bfa546861309f875b8a75f092d1d54ae2d64f266"
dependencies = [
 "siphasher",
]

[[package]]
name = "proc-macro2"
version = "1.0.106"
source = "registry+https://github.com/rust-lang/crates.io-index"
checksum = "8fd00f0bb2e90d81d1044c2b32617f68fcb9fa3bb7640c23e9c748e53fb30934"
dependencies = [
 "unicode-ident",
]

[[package]]
name = "ptr_meta"
version = "0.3.1"
source = "registry+https://github.com/rust-lang/crates.io-index"
checksum = "0b9a0cf95a1196af61d4f1cbdab967179516d9a4a4312af1f31948f8f6224a79"
dependencies = [
 "ptr_meta_derive",
]

[[package]]
name = "ptr_meta_derive"
version = "0.3.1"
source = "registry+https://github.com/rust-lang/crates.io-index"
checksum = "7347867d0a7e1208d93b46767be83e2b8f978c3dad35f775ac8d8847551d6fe1"
dependencies = [
 "proc-macro2",
 "quote",
 "syn",
]

[[package]]
name = "quote"
version = "1.0.45"
source = "registry+https://github.com/rust-lang/crates.io-index"
checksum = "41f2619966050689382d2b44f664f4bc593e129785a36d6ee376ddf37259b924"
dependencies = [
 "proc-macro2",
]

[[package]]
name = "scopeguard"
version = "1.2.0"
source = "registry+https://github.com/rust-lang/crates.io-index"
checksum = "94143f37725109f92c262ed2cf5e59bce7498c01bcc1502d7b9afe439a4e9f49"

[[package]]
name = "serde"
version = "1.0.228"
source = "registry+https://github.com/rust-lang/crates.io-index"
checksum = "9a8e94ea7f378bd32cbbd37198a4a91436180c5bb472411e48b5ec2e2124ae9e"
dependencies = [
 "serde_core",
]

[[package]]
name = "serde_core"
version = "1.0.228"
source = "registry+https://github.com/rust-lang/crates.io-index"
checksum = "41d385c7d4ca58e59fc732af25c3983b67ac852c1a25000afe1175de458b67ad"
dependencies = [
 "serde_derive",
]

[[package]]
name = "serde_derive"
version = "1.0.228"
source = "registry+https://github.com/rust-lang/crates.io-index"
checksum = "d540f220d3187173da220f885ab66608367b6574e925011a9353e4badda91d79"
dependencies = [
 "proc-macro2",
 "quote",
 "syn",
]

[[package]]
name = "siphasher"
version = "1.0.3"
source = "registry+https://github.com/rust-lang/crates.io-index"
checksum = "8ee5873ec9cce0195efcb7a4e9507a04cd49aec9c83d0389df45b1ef7ba2e649"

[[package]]
name = "smallvec"
version = "1.15.1"
source = "registry+https://github.com/rust-lang/crates.io-index"
checksum = "67b1b7a3b5fe4f1376887184045fcf45c69e92af734b7aaddc05fb777b6fbd03"

[[package]]
name = "spin"
version = "0.10.0"
source = "registry+https://github.com/rust-lang/crates.io-index"
checksum = "d5fe4ccb98d9c292d56fec89a5e07da7fc4cf0dc11e156b41793132775d3e591"
dependencies = [
 "lock_api",
]

[[package]]
name = "syn"
version = "2.0.117"
source = "registry+https://github.com/rust-lang/crates.io-index"
checksum = "e665b8803e7b1d2a727f4023456bbbbe74da67099c585258af0ad9c5013b9b99"
dependencies = [
 "proc-macro2",
 "quote",
 "unicode-ident",
]

[[package]]
name = "tl"
version = "0.7.8"
source = "registry+https://github.com/rust-lang/crates.io-index"
checksum = "b130bd8a58c163224b44e217b4239ca7b927d82bf6cc2fea1fc561d15056e3f7"

[[package]]
name = "ttf-parser"
version = "0.25.1"
source = "registry+https://github.com/rust-lang/crates.io-index"
checksum = "d2df906b07856748fa3f6e0ad0cbaa047052d4a7dd609e231c4f72cee8c36f31"
dependencies = [
 "core_maths",
]

[[package]]
name = "ucs2"
version = "0.3.3"
source = "registry+https://github.com/rust-lang/crates.io-index"
checksum = "df79298e11f316400c57ec268f3c2c29ac3c4d4777687955cd3d4f3a35ce7eba"
dependencies = [
 "bit_field",
]

[[package]]
name = "uefi"
version = "0.37.0"
source = "registry+https://github.com/rust-lang/crates.io-index"
checksum = "66ab9569afdd1e33a31d8002343aa1df594f055347b1a66136bf9dd6cbc3ec37"
dependencies = [
 "bitflags",
 "cfg-if",
 "log",
 "ptr_meta",
 "ucs2",
 "uefi-macros",
 "uefi-raw",
 "uguid",
]

[[package]]
name = "uefi-macros"
version = "0.19.0"
source = "registry+https://github.com/rust-lang/crates.io-index"
checksum = "4687412b5ac74d245d5bfb1733ede50c31be19bf8a4b6a967a29b451bab49e67"
dependencies = [
 "proc-macro2",
 "quote",
 "syn",
]

[[package]]
name = "uefi-raw"
version = "0.14.0"
source = "registry+https://github.com/rust-lang/crates.io-index"
checksum = "f3775e5934877acaef4b00f254f252df1e2266903c31e51455c117f4f2824eda"
dependencies = [
 "bitflags",
 "uguid",
]

[[package]]
name = "uguid"
version = "2.2.1"
source = "registry+https://github.com/rust-lang/crates.io-index"
checksum = "0c8352f8c05e47892e7eaf13b34abd76a7f4aeaf817b716e88789381927f199c"

[[package]]
name = "unicode-ident"
version = "1.0.24"
source = "registry+https://github.com/rust-lang/crates.io-index"
checksum = "e6e4313cd5fcd3dad5cafa179702e2b244f760991f45397d14d4ebf38247da75"
